[[package]]
name = 'core'
source = 'path+from-root-9BFE6D5D0CBDF740'

[[package]]
name = 'market'
source = 'member'
dependencies = [
    'oracle_abi',
    'signed_integers',
    'std',
    'token_abi',
]

[[package]]
name = 'oracle_abi'
source = 'path+from-root-9ED3421BB02FBE52'
dependencies = ['std']

[[package]]
name = 'signed_integers'
source = 'git+https://github.com/FuelLabs/sway-libs?default-branch#027ff2985124e4d3015385756c7d6dee0bcf4b05'
dependencies = ['std']

[[package]]
name = 'std'
source = 'git+https://github.com/fuellabs/sway?tag=v0.42.1#3b66f8e424bd21e3ba467783b10b36e808cfa6ee'
dependencies = ['core']

[[package]]
name = 'token_abi'
source = 'path+from-root-9ED3421BB02FBE52'
dependencies = ['std']
