[[package]]
name = 'core'
source = 'path+from-root-FDF4A5DCC6ECD181'

[[package]]
name = 'market'
source = 'member'
dependencies = [
    'oracle_abi',
    'std',
    'token_abi',
]

[[package]]
name = 'oracle_abi'
source = 'path+from-root-9ED3421BB02FBE52'
dependencies = ['std']

[[package]]
name = 'std'
source = 'git+https://github.com/fuellabs/sway?tag=v0.37.0#607ac50176db8bef936f91bacf435d0ea37d041e'
dependencies = ['core']

[[package]]
name = 'token_abi'
source = 'path+from-root-9ED3421BB02FBE52'
dependencies = ['std']
