[[package]]
name = 'core'
source = 'path+from-root-EB296BD18C0E4CC4'

[[package]]
name = 'i64'
source = 'path+from-root-9ED3421BB02FBE52'
dependencies = ['std']

[[package]]
name = 'market'
source = 'member'
dependencies = [
    'i64',
    'oracle_abi',
    'signed_integers',
    'std',
    'token_abi',
]

[[package]]
name = 'oracle_abi'
source = 'path+from-root-9ED3421BB02FBE52'
dependencies = ['std']

[[package]]
name = 'signed_integers'
source = 'git+https://github.com/FuelLabs/sway-libs?default-branch#027ff2985124e4d3015385756c7d6dee0bcf4b05'
dependencies = ['std']

[[package]]
name = 'std'
source = 'git+https://github.com/fuellabs/sway?tag=v0.44.1#04a597093e7441898933dd412b8e4dc6ac860cd3'
dependencies = ['core']

[[package]]
name = 'token_abi'
source = 'path+from-root-9ED3421BB02FBE52'
dependencies = ['std']
